
Microsoft Visual Studio Solution File, Format Version 11.00
# Visual Studio 2010
Project("{8BC9CEB8-8B4A-11D0-8D11-00A0C91BC942}") = "die_bitchez", "die_bitchez\die_bitchez.vcxproj", "{9F7A97B5-E0F1-4EFF-B8F8-4A2C2E9197FE}"
EndProject
Global
	GlobalSection(SolutionConfigurationPlatforms) = preSolution
		Debug|Win32 = Debug|Win32
		Release|Win32 = Release|Win32
	EndGlobalSection
	GlobalSection(ProjectConfigurationPlatforms) = postSolution
		{9F7A97B5-E0F1-4EFF-B8F8-4A2C2E9197FE}.Debug|Win32.ActiveCfg = Debug|Win32
		{9F7A97B5-E0F1-4EFF-B8F8-4A2C2E9197FE}.Debug|Win32.Build.0 = Debug|Win32
		{9F7A97B5-E0F1-4EFF-B8F8-4A2C2E9197FE}.Release|Win32.ActiveCfg = Release|Win32
		{9F7A97B5-E0F1-4EFF-B8F8-4A2C2E9197FE}.Release|Win32.Build.0 = Release|Win32
	EndGlobalSection
	GlobalSection(SolutionProperties) = preSolution
		HideSolutionNode = FALSE
	EndGlobalSection
	GlobalSection(ExtensibilityGlobals) = postSolution
		QtVersion = 4.8.4 2010 static
	EndGlobalSection
EndGlobal
